# THIS IS AN AUTOGENERATED FILE. DO NOT EDIT THIS FILE DIRECTLY.
# yarn lockfile v1


neocolor@1.0.0:
  version "1.0.0"
  resolved "https://registry.yarnpkg.com/neocolor/-/neocolor-1.0.0.tgz#262f999ded8ee36bad526c67c40fcf61958af436"
  integrity sha1-Ji+Zne2O42utUmxnxA/PYZWK9DY=

tesuto@1.0.0:
  version "1.0.0"
  resolved "https://registry.yarnpkg.com/tesuto/-/tesuto-1.0.0.tgz#7ea98a3f230dc4f9bc860e239649cd6c6819aad4"
  integrity sha1-fqmKPyMNxPm8hg4jlknNbGgZqtQ=
  dependencies:
    neocolor "1.0.0"
